// !$*UTF8*$!
{
	archiveVersion = 1;
	classes = {
	};
	objectVersion = 56;
	objects = {

/* Begin PBXBuildFile section */
		CA54BE2F2ACDB51800774581 /* AppDelegate.swift in Sources */ = {isa = PBXBuildFile; fileRef = CA54BE2E2ACDB51800774581 /* AppDelegate.swift */; };
		CA54BE312ACDB51800774581 /* SceneDelegate.swift in Sources */ = {isa = PBXBuildFile; fileRef = CA54BE302ACDB51800774581 /* SceneDelegate.swift */; };
		CA54BE332ACDB51800774581 /* ViewController.swift in Sources */ = {isa = PBXBuildFile; fileRef = CA54BE322ACDB51800774581 /* ViewController.swift */; };
		CA54BE362ACDB51800774581 /* Main.storyboard in Resources */ = {isa = PBXBuildFile; fileRef = CA54BE342ACDB51800774581 /* Main.storyboard */; };
		CA54BE382ACDB51B00774581 /* Assets.xcassets in Resources */ = {isa = PBXBuildFile; fileRef = CA54BE372ACDB51B00774581 /* Assets.xcassets */; };
		CA54BE3B2ACDB51B00774581 /* LaunchScreen.storyboard in Resources */ = {isa = PBXBuildFile; fileRef = CA54BE392ACDB51B00774581 /* LaunchScreen.storyboard */; };
		CA54BE462ACDB51B00774581 /* TipsyTests.swift in Sources */ = {isa = PBXBuildFile; fileRef = CA54BE452ACDB51B00774581 /* TipsyTests.swift */; };
		CA54BE502ACDB51B00774581 /* TipsyUITests.swift in Sources */ = {isa = PBXBuildFile; fileRef = CA54BE4F2ACDB51B00774581 /* TipsyUITests.swift */; };
		CA54BE522ACDB51B00774581 /* TipsyUITestsLaunchTests.swift in Sources */ = {isa = PBXBuildFile; fileRef = CA54BE512ACDB51B00774581 /* TipsyUITestsLaunchTests.swift */; };
/* End PBXBuildFile section */

/* Begin PBXContainerItemProxy section */
		CA54BE422ACDB51B00774581 /* PBXContainerItemProxy */ = {
			isa = PBXContainerItemProxy;
			containerPortal = CA54BE232ACDB51700774581 /* Project object */;
			proxyType = 1;
			remoteGlobalIDString = CA54BE2A2ACDB51800774581;
			remoteInfo = Tipsy;
		};
		CA54BE4C2ACDB51B00774581 /* PBXContainerItemProxy */ = {
			isa = PBXContainerItemProxy;
			containerPortal = CA54BE232ACDB51700774581 /* Project object */;
			proxyType = 1;
			remoteGlobalIDString = CA54BE2A2ACDB51800774581;
			remoteInfo = Tipsy;
		};
/* End PBXContainerItemProxy section */

/* Begin PBXFileReference section */
		CA54BE2B2ACDB51800774581 /* Tipsy.app */ = {isa = PBXFileReference; explicitFileType = wrapper.application; includeInIndex = 0; path = Tipsy.app; sourceTree = BUILT_PRODUCTS_DIR; };
		CA54BE2E2ACDB51800774581 /* AppDelegate.swift */ = {isa = PBXFileReference; lastKnownFileType = sourcecode.swift; path = AppDelegate.swift; sourceTree = "<group>"; };
		CA54BE302ACDB51800774581 /* SceneDelegate.swift */ = {isa = PBXFileReference; lastKnownFileType = sourcecode.swift; path = SceneDelegate.swift; sourceTree = "<group>"; };
		CA54BE322ACDB51800774581 /* ViewController.swift */ = {isa = PBXFileReference; lastKnownFileType = sourcecode.swift; path = ViewController.swift; sourceTree = "<group>"; };
		CA54BE352ACDB51800774581 /* Base */ = {isa = PBXFileReference; lastKnownFileType = file.storyboard; name = Base; path = Base.lproj/Main.storyboard; sourceTree = "<group>"; };
		CA54BE372ACDB51B00774581 /* Assets.xcassets */ = {isa = PBXFileReference; lastKnownFileType = folder.assetcatalog; path = Assets.xcassets; sourceTree = "<group>"; };
		CA54BE3A2ACDB51B00774581 /* Base */ = {isa = PBXFileReference; lastKnownFileType = file.storyboard; name = Base; path = Base.lproj/LaunchScreen.storyboard; sourceTree = "<group>"; };
		CA54BE3C2ACDB51B00774581 /* Info.plist */ = {isa = PBXFileReference; lastKnownFileType = text.plist.xml; path = Info.plist; sourceTree = "<group>"; };
		CA54BE412ACDB51B00774581 /* TipsyTests.xctest */ = {isa = PBXFileReference; explicitFileType = wrapper.cfbundle; includeInIndex = 0; path = TipsyTests.xctest; sourceTree = BUILT_PRODUCTS_DIR; };
		CA54BE452ACDB51B00774581 /* TipsyTests.swift */ = {isa = PBXFileReference; lastKnownFileType = sourcecode.swift; path = TipsyTests.swift; sourceTree = "<group>"; };
		CA54BE4B2ACDB51B00774581 /* TipsyUITests.xctest */ = {isa = PBXFileReference; explicitFileType = wrapper.cfbundle; includeInIndex = 0; path = TipsyUITests.xctest; sourceTree = BUILT_PRODUCTS_DIR; };
		CA54BE4F2ACDB51B00774581 /* TipsyUITests.swift */ = {isa = PBXFileReference; lastKnownFileType = sourcecode.swift; path = TipsyUITests.swift; sourceTree = "<group>"; };
		CA54BE512ACDB51B00774581 /* TipsyUITestsLaunchTests.swift */ = {isa = PBXFileReference; lastKnownFileType = sourcecode.swift; path = TipsyUITestsLaunchTests.swift; sourceTree = "<group>"; };
/* End PBXFileReference section */

/* Begin PBXFrameworksBuildPhase section */
		CA54BE282ACDB51800774581 /* Frameworks */ = {
			isa = PBXFrameworksBuildPhase;
			buildActionMask = 2147483647;
			files = (
			);
			runOnlyForDeploymentPostprocessing = 0;
		};
		CA54BE3E2ACDB51B00774581 /* Frameworks */ = {
			isa = PBXFrameworksBuildPhase;
			buildActionMask = 2147483647;
			files = (
			);
			runOnlyForDeploymentPostprocessing = 0;
		};
		CA54BE482ACDB51B00774581 /* Frameworks */ = {
			isa = PBXFrameworksBuildPhase;
			buildActionMask = 2147483647;
			files = (
			);
			runOnlyForDeploymentPostprocessing = 0;
		};
/* End PBXFrameworksBuildPhase section */

/* Begin PBXGroup section */
		CA54BE222ACDB51700774581 = {
			isa = PBXGroup;
			children = (
				CA54BE2D2ACDB51800774581 /* Tipsy */,
				CA54BE442ACDB51B00774581 /* TipsyTests */,
				CA54BE4E2ACDB51B00774581 /* TipsyUITests */,
				CA54BE2C2ACDB51800774581 /* Products */,
			);
			sourceTree = "<group>";
		};
		CA54BE2C2ACDB51800774581 /* Products */ = {
			isa = PBXGroup;
			children = (
				CA54BE2B2ACDB51800774581 /* Tipsy.app */,
				CA54BE412ACDB51B00774581 /* TipsyTests.xctest */,
				CA54BE4B2ACDB51B00774581 /* TipsyUITests.xctest */,
			);
			name = Products;
			sourceTree = "<group>";
		};
		CA54BE2D2ACDB51800774581 /* Tipsy */ = {
			isa = PBXGroup;
			children = (
				CA54BE2E2ACDB51800774581 /* AppDelegate.swift */,
				CA54BE302ACDB51800774581 /* SceneDelegate.swift */,
				CA54BE322ACDB51800774581 /* ViewController.swift */,
				CA54BE342ACDB51800774581 /* Main.storyboard */,
				CA54BE372ACDB51B00774581 /* Assets.xcassets */,
				CA54BE392ACDB51B00774581 /* LaunchScreen.storyboard */,
				CA54BE3C2ACDB51B00774581 /* Info.plist */,
			);
			path = Tipsy;
			sourceTree = "<group>";
		};
		CA54BE442ACDB51B00774581 /* TipsyTests */ = {
			isa = PBXGroup;
			children = (
				CA54BE452ACDB51B00774581 /* TipsyTests.swift */,
			);
			path = TipsyTests;
			sourceTree = "<group>";
		};
		CA54BE4E2ACDB51B00774581 /* TipsyUITests */ = {
			isa = PBXGroup;
			children = (
				CA54BE4F2ACDB51B00774581 /* TipsyUITests.swift */,
				CA54BE512ACDB51B00774581 /* TipsyUITestsLaunchTests.swift */,
			);
			path = TipsyUITests;
			sourceTree = "<group>";
		};
/* End PBXGroup section */

/* Begin PBXNativeTarget section */
		CA54BE2A2ACDB51800774581 /* Tipsy */ = {
			isa = PBXNativeTarget;
			buildConfigurationList = CA54BE552ACDB51B00774581 /* Build configuration list for PBXNativeTarget "Tipsy" */;
			buildPhases = (
				CA54BE272ACDB51800774581 /* Sources */,
				CA54BE282ACDB51800774581 /* Frameworks */,
				CA54BE292ACDB51800774581 /* Resources */,
			);
			buildRules = (
			);
			dependencies = (
			);
			name = Tipsy;
			productName = Tipsy;
			productReference = CA54BE2B2ACDB51800774581 /* Tipsy.app */;
			productType = "com.apple.product-type.application";
		};
		CA54BE402ACDB51B00774581 /* TipsyTests */ = {
			isa = PBXNativeTarget;
			buildConfigurationList = CA54BE582ACDB51B00774581 /* Build configuration list for PBXNativeTarget "TipsyTests" */;
			buildPhases = (
				CA54BE3D2ACDB51B00774581 /* Sources */,
				CA54BE3E2ACDB51B00774581 /* Frameworks */,
				CA54BE3F2ACDB51B00774581 /* Resources */,
			);
			buildRules = (
			);
			dependencies = (
				CA54BE432ACDB51B00774581 /* PBXTargetDependency */,
			);
			name = TipsyTests;
			productName = TipsyTests;
			productReference = CA54BE412ACDB51B00774581 /* TipsyTests.xctest */;
			productType = "com.apple.product-type.bundle.unit-test";
		};
		CA54BE4A2ACDB51B00774581 /* TipsyUITests */ = {
			isa = PBXNativeTarget;
			buildConfigurationList = CA54BE5B2ACDB51B00774581 /* Build configuration list for PBXNativeTarget "TipsyUITests" */;
			buildPhases = (
				CA54BE472ACDB51B00774581 /* Sources */,
				CA54BE482ACDB51B00774581 /* Frameworks */,
				CA54BE492ACDB51B00774581 /* Resources */,
			);
			buildRules = (
			);
			dependencies = (
				CA54BE4D2ACDB51B00774581 /* PBXTargetDependency */,
			);
			name = TipsyUITests;
			productName = TipsyUITests;
			productReference = CA54BE4B2ACDB51B00774581 /* TipsyUITests.xctest */;
			productType = "com.apple.product-type.bundle.ui-testing";
		};
/* End PBXNativeTarget section */

/* Begin PBXProject section */
		CA54BE232ACDB51700774581 /* Project object */ = {
			isa = PBXProject;
			attributes = {
				BuildIndependentTargetsInParallel = 1;
				LastSwiftUpdateCheck = 1500;
				LastUpgradeCheck = 1500;
				TargetAttributes = {
					CA54BE2A2ACDB51800774581 = {
						CreatedOnToolsVersion = 15.0;
					};
					CA54BE402ACDB51B00774581 = {
						CreatedOnToolsVersion = 15.0;
						TestTargetID = CA54BE2A2ACDB51800774581;
					};
					CA54BE4A2ACDB51B00774581 = {
						CreatedOnToolsVersion = 15.0;
						TestTargetID = CA54BE2A2ACDB51800774581;
					};
				};
			};
			buildConfigurationList = CA54BE262ACDB51700774581 /* Build configuration list for PBXProject "Tipsy" */;
			compatibilityVersion = "Xcode 14.0";
			developmentRegion = en;
			hasScannedForEncodings = 0;
			knownRegions = (
				en,
				Base,
			);
			mainGroup = CA54BE222ACDB51700774581;
			productRefGroup = CA54BE2C2ACDB51800774581 /* Products */;
			projectDirPath = "";
			projectRoot = "";
			targets = (
				CA54BE2A2ACDB51800774581 /* Tipsy */,
				CA54BE402ACDB51B00774581 /* TipsyTests */,
				CA54BE4A2ACDB51B00774581 /* TipsyUITests */,
			);
		};
/* End PBXProject section */

/* Begin PBXResourcesBuildPhase section */
		CA54BE292ACDB51800774581 /* Resources */ = {
			isa = PBXResourcesBuildPhase;
			buildActionMask = 2147483647;
			files = (
				CA54BE3B2ACDB51B00774581 /* LaunchScreen.storyboard in Resources */,
				CA54BE382ACDB51B00774581 /* Assets.xcassets in Resources */,
				CA54BE362ACDB51800774581 /* Main.storyboard in Resources */,
			);
			runOnlyForDeploymentPostprocessing = 0;
		};
		CA54BE3F2ACDB51B00774581 /* Resources */ = {
			isa = PBXResourcesBuildPhase;
			buildActionMask = 2147483647;
			files = (
			);
			runOnlyForDeploymentPostprocessing = 0;
		};
		CA54BE492ACDB51B00774581 /* Resources */ = {
			isa = PBXResourcesBuildPhase;
			buildActionMask = 2147483647;
			files = (
			);
			runOnlyForDeploymentPostprocessing = 0;
		};
/* End PBXResourcesBuildPhase section */

/* Begin PBXSourcesBuildPhase section */
		CA54BE272ACDB51800774581 /* Sources */ = {
			isa = PBXSourcesBuildPhase;
			buildActionMask = 2147483647;
			files = (
				CA54BE332ACDB51800774581 /* ViewController.swift in Sources */,
				CA54BE2F2ACDB51800774581 /* AppDelegate.swift in Sources */,
				CA54BE312ACDB51800774581 /* SceneDelegate.swift in Sources */,
			);
			runOnlyForDeploymentPostprocessing = 0;
		};
		CA54BE3D2ACDB51B00774581 /* Sources */ = {
			isa = PBXSourcesBuildPhase;
			buildActionMask = 2147483647;
			files = (
				CA54BE462ACDB51B00774581 /* TipsyTests.swift in Sources */,
			);
			runOnlyForDeploymentPostprocessing = 0;
		};
		CA54BE472ACDB51B00774581 /* Sources */ = {
			isa = PBXSourcesBuildPhase;
			buildActionMask = 2147483647;
			files = (
				CA54BE522ACDB51B00774581 /* TipsyUITestsLaunchTests.swift in Sources */,
				CA54BE502ACDB51B00774581 /* TipsyUITests.swift in Sources */,
			);
			runOnlyForDeploymentPostprocessing = 0;
		};
/* End PBXSourcesBuildPhase section */

/* Begin PBXTargetDependency section */
		CA54BE432ACDB51B00774581 /* PBXTargetDependency */ = {
			isa = PBXTargetDependency;
			target = CA54BE2A2ACDB51800774581 /* Tipsy */;
			targetProxy = CA54BE422ACDB51B00774581 /* PBXContainerItemProxy */;
		};
		CA54BE4D2ACDB51B00774581 /* PBXTargetDependency */ = {
			isa = PBXTargetDependency;
			target = CA54BE2A2ACDB51800774581 /* Tipsy */;
			targetProxy = CA54BE4C2ACDB51B00774581 /* PBXContainerItemProxy */;
		};
/* End PBXTargetDependency section */

/* Begin PBXVariantGroup section */
		CA54BE342ACDB51800774581 /* Main.storyboard */ = {
			isa = PBXVariantGroup;
			children = (
				CA54BE352ACDB51800774581 /* Base */,
			);
			name = Main.storyboard;
			sourceTree = "<group>";
		};
		CA54BE392ACDB51B00774581 /* LaunchScreen.storyboard */ = {
			isa = PBXVariantGroup;
			children = (
				CA54BE3A2ACDB51B00774581 /* Base */,
			);
			name = LaunchScreen.storyboard;
			sourceTree = "<group>";
		};
/* End PBXVariantGroup section */

/* Begin XCBuildConfiguration section */
		CA54BE532ACDB51B00774581 /* Debug */ = {
			isa = XCBuildConfiguration;
			buildSettings = {
				ALWAYS_SEARCH_USER_PATHS = NO;
				ASSETCATALOG_COMPILER_GENERATE_SWIFT_ASSET_SYMBOL_EXTENSIONS = YES;
				CLANG_ANALYZER_NONNULL = YES;
				CLANG_ANALYZER_NUMBER_OBJECT_CONVERSION = YES_AGGRESSIVE;
				CLANG_CXX_LANGUAGE_STANDARD = "gnu++20";
				CLANG_ENABLE_MODULES = YES;
				CLANG_ENABLE_OBJC_ARC = YES;
				CLANG_ENABLE_OBJC_WEAK = YES;
				CLANG_WARN_BLOCK_CAPTURE_AUTORELEASING = YES;
				CLANG_WARN_BOOL_CONVERSION = YES;
				CLANG_WARN_COMMA = YES;
				CLANG_WARN_CONSTANT_CONVERSION = YES;
				CLANG_WARN_DEPRECATED_OBJC_IMPLEMENTATIONS = YES;
				CLANG_WARN_DIRECT_OBJC_ISA_USAGE = YES_ERROR;
				CLANG_WARN_DOCUMENTATION_COMMENTS = YES;
				CLANG_WARN_EMPTY_BODY = YES;
				CLANG_WARN_ENUM_CONVERSION = YES;
				CLANG_WARN_INFINITE_RECURSION = YES;
				CLANG_WARN_INT_CONVERSION = YES;
				CLANG_WARN_NON_LITERAL_NULL_CONVERSION = YES;
				CLANG_WARN_OBJC_IMPLICIT_RETAIN_SELF = YES;
				CLANG_WARN_OBJC_LITERAL_CONVERSION = YES;
				CLANG_WARN_OBJC_ROOT_CLASS = YES_ERROR;
				CLANG_WARN_QUOTED_INCLUDE_IN_FRAMEWORK_HEADER = YES;
				CLANG_WARN_RANGE_LOOP_ANALYSIS = YES;
				CLANG_WARN_STRICT_PROTOTYPES = YES;
				CLANG_WARN_SUSPICIOUS_MOVE = YES;
				CLANG_WARN_UNGUARDED_AVAILABILITY = YES_AGGRESSIVE;
				CLANG_WARN_UNREACHABLE_CODE = YES;
				CLANG_WARN__DUPLICATE_METHOD_MATCH = YES;
				COPY_PHASE_STRIP = NO;
				DEBUG_INFORMATION_FORMAT = dwarf;
				ENABLE_STRICT_OBJC_MSGSEND = YES;
				ENABLE_TESTABILITY = YES;
				ENABLE_USER_SCRIPT_SANDBOXING = YES;
				GCC_C_LANGUAGE_STANDARD = gnu17;
				GCC_DYNAMIC_NO_PIC = NO;
				GCC_NO_COMMON_BLOCKS = YES;
				GCC_OPTIMIZATION_LEVEL = 0;
				GCC_PREPROCESSOR_DEFINITIONS = (
					"DEBUG=1",
					"$(inherited)",
				);
				GCC_WARN_64_TO_32_BIT_CONVERSION = YES;
				GCC_WARN_ABOUT_RETURN_TYPE = YES_ERROR;
				GCC_WARN_UNDECLARED_SELECTOR = YES;
				GCC_WARN_UNINITIALIZED_AUTOS = YES_AGGRESSIVE;
				GCC_WARN_UNUSED_FUNCTION = YES;
				GCC_WARN_UNUSED_VARIABLE = YES;
				IPHONEOS_DEPLOYMENT_TARGET = 17.0;
				LOCALIZATION_PREFERS_STRING_CATALOGS = YES;
				MTL_ENABLE_DEBUG_INFO = INCLUDE_SOURCE;
				MTL_FAST_MATH = YES;
				ONLY_ACTIVE_ARCH = YES;
				SDKROOT = iphoneos;
				SWIFT_ACTIVE_COMPILATION_CONDITIONS = "DEBUG $(inherited)";
				SWIFT_OPTIMIZATION_LEVEL = "-Onone";
			};
			name = Debug;
		};
		CA54BE542ACDB51B00774581 /* Release */ = {
			isa = XCBuildConfiguration;
			buildSettings = {
				ALWAYS_SEARCH_USER_PATHS = NO;
				ASSETCATALOG_COMPILER_GENERATE_SWIFT_ASSET_SYMBOL_EXTENSIONS = YES;
				CLANG_ANALYZER_NONNULL = YES;
				CLANG_ANALYZER_NUMBER_OBJECT_CONVERSION = YES_AGGRESSIVE;
				CLANG_CXX_LANGUAGE_STANDARD = "gnu++20";
				CLANG_ENABLE_MODULES = YES;
				CLANG_ENABLE_OBJC_ARC = YES;
				CLANG_ENABLE_OBJC_WEAK = YES;
				CLANG_WARN_BLOCK_CAPTURE_AUTORELEASING = YES;
				CLANG_WARN_BOOL_CONVERSION = YES;
				CLANG_WARN_COMMA = YES;
				CLANG_WARN_CONSTANT_CONVERSION = YES;
				CLANG_WARN_DEPRECATED_OBJC_IMPLEMENTATIONS = YES;
				CLANG_WARN_DIRECT_OBJC_ISA_USAGE = YES_ERROR;
				CLANG_WARN_DOCUMENTATION_COMMENTS = YES;
				CLANG_WARN_EMPTY_BODY = YES;
				CLANG_WARN_ENUM_CONVERSION = YES;
				CLANG_WARN_INFINITE_RECURSION = YES;
				CLANG_WARN_INT_CONVERSION = YES;
				CLANG_WARN_NON_LITERAL_NULL_CONVERSION = YES;
				CLANG_WARN_OBJC_IMPLICIT_RETAIN_SELF = YES;
				CLANG_WARN_OBJC_LITERAL_CONVERSION = YES;
				CLANG_WARN_OBJC_ROOT_CLASS = YES_ERROR;
				CLANG_WARN_QUOTED_INCLUDE_IN_FRAMEWORK_HEADER = YES;
				CLANG_WARN_RANGE_LOOP_ANALYSIS = YES;
				CLANG_WARN_STRICT_PROTOTYPES = YES;
				CLANG_WARN_SUSPICIOUS_MOVE = YES;
				CLANG_WARN_UNGUARDED_AVAILABILITY = YES_AGGRESSIVE;
				CLANG_WARN_UNREACHABLE_CODE = YES;
				CLANG_WARN__DUPLICATE_METHOD_MATCH = YES;
				COPY_PHASE_STRIP = NO;
				DEBUG_INFORMATION_FORMAT = "dwarf-with-dsym";
				ENABLE_NS_ASSERTIONS = NO;
				ENABLE_STRICT_OBJC_MSGSEND = YES;
				ENABLE_USER_SCRIPT_SANDBOXING = YES;
				GCC_C_LANGUAGE_STANDARD = gnu17;
				GCC_NO_COMMON_BLOCKS = YES;
				GCC_WARN_64_TO_32_BIT_CONVERSION = YES;
				GCC_WARN_ABOUT_RETURN_TYPE = YES_ERROR;
				GCC_WARN_UNDECLARED_SELECTOR = YES;
				GCC_WARN_UNINITIALIZED_AUTOS = YES_AGGRESSIVE;
				GCC_WARN_UNUSED_FUNCTION = YES;
				GCC_WARN_UNUSED_VARIABLE = YES;
				IPHONEOS_DEPLOYMENT_TARGET = 17.0;
				LOCALIZATION_PREFERS_STRING_CATALOGS = YES;
				MTL_ENABLE_DEBUG_INFO = NO;
				MTL_FAST_MATH = YES;
				SDKROOT = iphoneos;
				SWIFT_COMPILATION_MODE = wholemodule;
				VALIDATE_PRODUCT = YES;
			};
			name = Release;
		};
		CA54BE562ACDB51B00774581 /* Debug */ = {
			isa = XCBuildConfiguration;
			buildSettings = {
				ASSETCATALOG_COMPILER_APPICON_NAME = AppIcon;
				ASSETCATALOG_COMPILER_GLOBAL_ACCENT_COLOR_NAME = AccentColor;
				CODE_SIGN_STYLE = Automatic;
				CURRENT_PROJECT_VERSION = 1;
				DEVELOPMENT_TEAM = DDX45LBBX3;
				GENERATE_INFOPLIST_FILE = YES;
				INFOPLIST_FILE = Tipsy/Info.plist;
				INFOPLIST_KEY_UIApplicationSupportsIndirectInputEvents = YES;
				INFOPLIST_KEY_UILaunchStoryboardName = LaunchScreen;
				INFOPLIST_KEY_UIMainStoryboardFile = Main;
				INFOPLIST_KEY_UISupportedInterfaceOrientations_iPad = "UIInterfaceOrientationPortrait UIInterfaceOrientationPortraitUpsideDown UIInterfaceOrientationLandscapeLeft UIInterfaceOrientationLandscapeRight";
				INFOPLIST_KEY_UISupportedInterfaceOrientations_iPhone = "UIInterfaceOrientationPortrait UIInterfaceOrientationLandscapeLeft UIInterfaceOrientationLandscapeRight";
				LD_RUNPATH_SEARCH_PATHS = (
					"$(inherited)",
					"@executable_path/Frameworks",
				);
				MARKETING_VERSION = 1.0;
				PRODUCT_BUNDLE_IDENTIFIER = com.learn.Tipsy;
				PRODUCT_NAME = "$(TARGET_NAME)";
				SWIFT_EMIT_LOC_STRINGS = YES;
				SWIFT_VERSION = 5.0;
				TARGETED_DEVICE_FAMILY = "1,2";
			};
			name = Debug;
		};
		CA54BE572ACDB51B00774581 /* Release */ = {
			isa = XCBuildConfiguration;
			buildSettings = {
				ASSETCATALOG_COMPILER_APPICON_NAME = AppIcon;
				ASSETCATALOG_COMPILER_GLOBAL_ACCENT_COLOR_NAME = AccentColor;
				CODE_SIGN_STYLE = Automatic;
				CURRENT_PROJECT_VERSION = 1;
				DEVELOPMENT_TEAM = DDX45LBBX3;
				GENERATE_INFOPLIST_FILE = YES;
				INFOPLIST_FILE = Tipsy/Info.plist;
				INFOPLIST_KEY_UIApplicationSupportsIndirectInputEvents = YES;
				INFOPLIST_KEY_UILaunchStoryboardName = LaunchScreen;
				INFOPLIST_KEY_UIMainStoryboardFile = Main;
				INFOPLIST_KEY_UISupportedInterfaceOrientations_iPad = "UIInterfaceOrientationPortrait UIInterfaceOrientationPortraitUpsideDown UIInterfaceOrientationLandscapeLeft UIInterfaceOrientationLandscapeRight";
				INFOPLIST_KEY_UISupportedInterfaceOrientations_iPhone = "UIInterfaceOrientationPortrait UIInterfaceOrientationLandscapeLeft UIInterfaceOrientationLandscapeRight";
				LD_RUNPATH_SEARCH_PATHS = (
					"$(inherited)",
					"@executable_path/Frameworks",
				);
				MARKETING_VERSION = 1.0;
				PRODUCT_BUNDLE_IDENTIFIER = com.learn.Tipsy;
				PRODUCT_NAME = "$(TARGET_NAME)";
				SWIFT_EMIT_LOC_STRINGS = YES;
				SWIFT_VERSION = 5.0;
				TARGETED_DEVICE_FAMILY = "1,2";
			};
			name = Release;
		};
		CA54BE592ACDB51B00774581 /* Debug */ = {
			isa = XCBuildConfiguration;
			buildSettings = {
				ALWAYS_EMBED_SWIFT_STANDARD_LIBRARIES = YES;
				BUNDLE_LOADER = "$(TEST_HOST)";
				CODE_SIGN_STYLE = Automatic;
				CURRENT_PROJECT_VERSION = 1;
				DEVELOPMENT_TEAM = DDX45LBBX3;
				GENERATE_INFOPLIST_FILE = YES;
				IPHONEOS_DEPLOYMENT_TARGET = 17.0;
				MARKETING_VERSION = 1.0;
				PRODUCT_BUNDLE_IDENTIFIER = com.learn.TipsyTests;
				PRODUCT_NAME = "$(TARGET_NAME)";
				SWIFT_EMIT_LOC_STRINGS = NO;
				SWIFT_VERSION = 5.0;
				TARGETED_DEVICE_FAMILY = "1,2";
				TEST_HOST = "$(BUILT_PRODUCTS_DIR)/Tipsy.app/$(BUNDLE_EXECUTABLE_FOLDER_PATH)/Tipsy";
			};
			name = Debug;
		};
		CA54BE5A2ACDB51B00774581 /* Release */ = {
			isa = XCBuildConfiguration;
			buildSettings = {
				ALWAYS_EMBED_SWIFT_STANDARD_LIBRARIES = YES;
				BUNDLE_LOADER = "$(TEST_HOST)";
				CODE_SIGN_STYLE = Automatic;
				CURRENT_PROJECT_VERSION = 1;
				DEVELOPMENT_TEAM = DDX45LBBX3;
				GENERATE_INFOPLIST_FILE = YES;
				IPHONEOS_DEPLOYMENT_TARGET = 17.0;
				MARKETING_VERSION = 1.0;
				PRODUCT_BUNDLE_IDENTIFIER = com.learn.TipsyTests;
				PRODUCT_NAME = "$(TARGET_NAME)";
				SWIFT_EMIT_LOC_STRINGS = NO;
				SWIFT_VERSION = 5.0;
				TARGETED_DEVICE_FAMILY = "1,2";
				TEST_HOST = "$(BUILT_PRODUCTS_DIR)/Tipsy.app/$(BUNDLE_EXECUTABLE_FOLDER_PATH)/Tipsy";
			};
			name = Release;
		};
		CA54BE5C2ACDB51B00774581 /* Debug */ = {
			isa = XCBuildConfiguration;
			buildSettings = {
				ALWAYS_EMBED_SWIFT_STANDARD_LIBRARIES = YES;
				CODE_SIGN_STYLE = Automatic;
				CURRENT_PROJECT_VERSION = 1;
				DEVELOPMENT_TEAM = DDX45LBBX3;
				GENERATE_INFOPLIST_FILE = YES;
				MARKETING_VERSION = 1.0;
				PRODUCT_BUNDLE_IDENTIFIER = com.learn.TipsyUITests;
				PRODUCT_NAME = "$(TARGET_NAME)";
				SWIFT_EMIT_LOC_STRINGS = NO;
				SWIFT_VERSION = 5.0;
				TARGETED_DEVICE_FAMILY = "1,2";
				TEST_TARGET_NAME = Tipsy;
			};
			name = Debug;
		};
		CA54BE5D2ACDB51B00774581 /* Release */ = {
			isa = XCBuildConfiguration;
			buildSettings = {
				ALWAYS_EMBED_SWIFT_STANDARD_LIBRARIES = YES;
				CODE_SIGN_STYLE = Automatic;
				CURRENT_PROJECT_VERSION = 1;
				DEVELOPMENT_TEAM = DDX45LBBX3;
				GENERATE_INFOPLIST_FILE = YES;
				MARKETING_VERSION = 1.0;
				PRODUCT_BUNDLE_IDENTIFIER = com.learn.TipsyUITests;
				PRODUCT_NAME = "$(TARGET_NAME)";
				SWIFT_EMIT_LOC_STRINGS = NO;
				SWIFT_VERSION = 5.0;
				TARGETED_DEVICE_FAMILY = "1,2";
				TEST_TARGET_NAME = Tipsy;
			};
			name = Release;
		};
/* End XCBuildConfiguration section */

/* Begin XCConfigurationList section */
		CA54BE262ACDB51700774581 /* Build configuration list for PBXProject "Tipsy" */ = {
			isa = XCConfigurationList;
			buildConfigurations = (
				CA54BE532ACDB51B00774581 /* Debug */,
				CA54BE542ACDB51B00774581 /* Release */,
			);
			defaultConfigurationIsVisible = 0;
			defaultConfigurationName = Release;
		};
		CA54BE552ACDB51B00774581 /* Build configuration list for PBXNativeTarget "Tipsy" */ = {
			isa = XCConfigurationList;
			buildConfigurations = (
				CA54BE562ACDB51B00774581 /* Debug */,
				CA54BE572ACDB51B00774581 /* Release */,
			);
			defaultConfigurationIsVisible = 0;
			defaultConfigurationName = Release;
		};
		CA54BE582ACDB51B00774581 /* Build configuration list for PBXNativeTarget "TipsyTests" */ = {
			isa = XCConfigurationList;
			buildConfigurations = (
				CA54BE592ACDB51B00774581 /* Debug */,
				CA54BE5A2ACDB51B00774581 /* Release */,
			);
			defaultConfigurationIsVisible = 0;
			defaultConfigurationName = Release;
		};
		CA54BE5B2ACDB51B00774581 /* Build configuration list for PBXNativeTarget "TipsyUITests" */ = {
			isa = XCConfigurationList;
			buildConfigurations = (
				CA54BE5C2ACDB51B00774581 /* Debug */,
				CA54BE5D2ACDB51B00774581 /* Release */,
			);
			defaultConfigurationIsVisible = 0;
			defaultConfigurationName = Release;
		};
/* End XCConfigurationList section */
	};
	rootObject = CA54BE232ACDB51700774581 /* Project object */;
}
